
Microsoft Visual Studio Solution File, Format Version 12.00
# Visual Studio Version 17
VisualStudioVersion = 17.0.31903.59
MinimumVisualStudioVersion = 10.0.40219.1
Project("{FAE04EC0-301F-11D3-BF4B-00C04F79EFBC}") = "WebProjectSaba", "WebProjectSaba\WebProjectSaba.csproj", "{D5B062D5-121A-4DED-A0A3-6A80975DD9F5}"
EndProject
Global
	GlobalSection(SolutionConfigurationPlatforms) = preSolution
		Debug|Any CPU = Debug|Any CPU
		Release|Any CPU = Release|Any CPU
	EndGlobalSection
	GlobalSection(ProjectConfigurationPlatforms) = postSolution
		{D5B062D5-121A-4DED-A0A3-6A80975DD9F5}.Debug|Any CPU.ActiveCfg = Debug|Any CPU
		{D5B062D5-121A-4DED-A0A3-6A80975DD9F5}.Debug|Any CPU.Build.0 = Debug|Any CPU
		{D5B062D5-121A-4DED-A0A3-6A80975DD9F5}.Release|Any CPU.ActiveCfg = Release|Any CPU
		{D5B062D5-121A-4DED-A0A3-6A80975DD9F5}.Release|Any CPU.Build.0 = Release|Any CPU
	EndGlobalSection
	GlobalSection(SolutionProperties) = preSolution
		HideSolutionNode = FALSE
	EndGlobalSection
	GlobalSection(ExtensibilityGlobals) = postSolution
		SolutionGuid = {65E985E1-26B2-4A55-920E-369DAF9DFF40}
	EndGlobalSection
EndGlobal
